// !$*UTF8*$!
{
	archiveVersion = 1;
	classes = {
	};
	objectVersion = 56;
	objects = {

/* Begin PBXBuildFile section */
		7E31775D2AE7A39D00037470 /* HikeApp.swift in Sources */ = {isa = PBXBuildFile; fileRef = 7E31775C2AE7A39D00037470 /* HikeApp.swift */; };
		7E31775F2AE7A39D00037470 /* ContentView.swift in Sources */ = {isa = PBXBuildFile; fileRef = 7E31775E2AE7A39D00037470 /* ContentView.swift */; };
		7E3177612AE7A39E00037470 /* Assets.xcassets in Resources */ = {isa = PBXBuildFile; fileRef = 7E3177602AE7A39E00037470 /* Assets.xcassets */; };
		7E3177642AE7A39E00037470 /* Preview Assets.xcassets in Resources */ = {isa = PBXBuildFile; fileRef = 7E3177632AE7A39E00037470 /* Preview Assets.xcassets */; };
		7E31776B2AE7A5CA00037470 /* CardView.swift in Sources */ = {isa = PBXBuildFile; fileRef = 7E31776A2AE7A5CA00037470 /* CardView.swift */; };
		7E31776E2AE7A81A00037470 /* CustomBackgroundView.swift in Sources */ = {isa = PBXBuildFile; fileRef = 7E31776D2AE7A81A00037470 /* CustomBackgroundView.swift */; };
		7E3177732AE7AA2F00037470 /* ColorExtention.swift in Sources */ = {isa = PBXBuildFile; fileRef = 7E3177722AE7AA2F00037470 /* ColorExtention.swift */; };
		7E3177752AE7B32D00037470 /* CustomButtonView.swift in Sources */ = {isa = PBXBuildFile; fileRef = 7E3177742AE7B32D00037470 /* CustomButtonView.swift */; };
		7E3177772AE7C04100037470 /* GradientButtonStyle.swift in Sources */ = {isa = PBXBuildFile; fileRef = 7E3177762AE7C04100037470 /* GradientButtonStyle.swift */; };
		7E3177792AE7CA3500037470 /* CustomCircleView.swift in Sources */ = {isa = PBXBuildFile; fileRef = 7E3177782AE7CA3500037470 /* CustomCircleView.swift */; };
		7E31777B2AE7CC1100037470 /* MotionAnimationView.swift in Sources */ = {isa = PBXBuildFile; fileRef = 7E31777A2AE7CC1100037470 /* MotionAnimationView.swift */; };
		7E31777E2AE80DFA00037470 /* SettingView.swift in Sources */ = {isa = PBXBuildFile; fileRef = 7E31777D2AE80DFA00037470 /* SettingView.swift */; };
		7E3177802AE816D100037470 /* CustomListRowView.swift in Sources */ = {isa = PBXBuildFile; fileRef = 7E31777F2AE816D100037470 /* CustomListRowView.swift */; };
/* End PBXBuildFile section */

/* Begin PBXFileReference section */
		7E3177592AE7A39D00037470 /* Hike.app */ = {isa = PBXFileReference; explicitFileType = wrapper.application; includeInIndex = 0; path = Hike.app; sourceTree = BUILT_PRODUCTS_DIR; };
		7E31775C2AE7A39D00037470 /* HikeApp.swift */ = {isa = PBXFileReference; lastKnownFileType = sourcecode.swift; path = HikeApp.swift; sourceTree = "<group>"; };
		7E31775E2AE7A39D00037470 /* ContentView.swift */ = {isa = PBXFileReference; lastKnownFileType = sourcecode.swift; path = ContentView.swift; sourceTree = "<group>"; };
		7E3177602AE7A39E00037470 /* Assets.xcassets */ = {isa = PBXFileReference; lastKnownFileType = folder.assetcatalog; path = Assets.xcassets; sourceTree = "<group>"; };
		7E3177632AE7A39E00037470 /* Preview Assets.xcassets */ = {isa = PBXFileReference; lastKnownFileType = folder.assetcatalog; path = "Preview Assets.xcassets"; sourceTree = "<group>"; };
		7E31776A2AE7A5CA00037470 /* CardView.swift */ = {isa = PBXFileReference; lastKnownFileType = sourcecode.swift; path = CardView.swift; sourceTree = "<group>"; };
		7E31776D2AE7A81A00037470 /* CustomBackgroundView.swift */ = {isa = PBXFileReference; lastKnownFileType = sourcecode.swift; path = CustomBackgroundView.swift; sourceTree = "<group>"; };
		7E3177722AE7AA2F00037470 /* ColorExtention.swift */ = {isa = PBXFileReference; lastKnownFileType = sourcecode.swift; path = ColorExtention.swift; sourceTree = "<group>"; };
		7E3177742AE7B32D00037470 /* CustomButtonView.swift */ = {isa = PBXFileReference; lastKnownFileType = sourcecode.swift; path = CustomButtonView.swift; sourceTree = "<group>"; };
		7E3177762AE7C04100037470 /* GradientButtonStyle.swift */ = {isa = PBXFileReference; lastKnownFileType = sourcecode.swift; path = GradientButtonStyle.swift; sourceTree = "<group>"; };
		7E3177782AE7CA3500037470 /* CustomCircleView.swift */ = {isa = PBXFileReference; lastKnownFileType = sourcecode.swift; path = CustomCircleView.swift; sourceTree = "<group>"; };
		7E31777A2AE7CC1100037470 /* MotionAnimationView.swift */ = {isa = PBXFileReference; lastKnownFileType = sourcecode.swift; path = MotionAnimationView.swift; sourceTree = "<group>"; };
		7E31777D2AE80DFA00037470 /* SettingView.swift */ = {isa = PBXFileReference; lastKnownFileType = sourcecode.swift; path = SettingView.swift; sourceTree = "<group>"; };
		7E31777F2AE816D100037470 /* CustomListRowView.swift */ = {isa = PBXFileReference; lastKnownFileType = sourcecode.swift; path = CustomListRowView.swift; sourceTree = "<group>"; };
/* End PBXFileReference section */

/* Begin PBXFrameworksBuildPhase section */
		7E3177562AE7A39D00037470 /* Frameworks */ = {
			isa = PBXFrameworksBuildPhase;
			buildActionMask = 2147483647;
			files = (
			);
			runOnlyForDeploymentPostprocessing = 0;
		};
/* End PBXFrameworksBuildPhase section */

/* Begin PBXGroup section */
		7E3177502AE7A39D00037470 = {
			isa = PBXGroup;
			children = (
				7E31775B2AE7A39D00037470 /* Hike */,
				7E31775A2AE7A39D00037470 /* Products */,
			);
			sourceTree = "<group>";
		};
		7E31775A2AE7A39D00037470 /* Products */ = {
			isa = PBXGroup;
			children = (
				7E3177592AE7A39D00037470 /* Hike.app */,
			);
			name = Products;
			sourceTree = "<group>";
		};
		7E31775B2AE7A39D00037470 /* Hike */ = {
			isa = PBXGroup;
			children = (
				7E31776F2AE7A9E100037470 /* Utinity */,
				7E31775C2AE7A39D00037470 /* HikeApp.swift */,
				7E31777C2AE80DE000037470 /* Screen */,
				7E3177602AE7A39E00037470 /* Assets.xcassets */,
				7E3177622AE7A39E00037470 /* Preview Content */,
				7E31776C2AE7A7C600037470 /* Component */,
			);
			path = Hike;
			sourceTree = "<group>";
		};
		7E3177622AE7A39E00037470 /* Preview Content */ = {
			isa = PBXGroup;
			children = (
				7E3177632AE7A39E00037470 /* Preview Assets.xcassets */,
			);
			path = "Preview Content";
			sourceTree = "<group>";
		};
		7E31776C2AE7A7C600037470 /* Component */ = {
			isa = PBXGroup;
			children = (
				7E31776A2AE7A5CA00037470 /* CardView.swift */,
				7E31776D2AE7A81A00037470 /* CustomBackgroundView.swift */,
				7E3177742AE7B32D00037470 /* CustomButtonView.swift */,
				7E3177782AE7CA3500037470 /* CustomCircleView.swift */,
				7E31777A2AE7CC1100037470 /* MotionAnimationView.swift */,
				7E31777F2AE816D100037470 /* CustomListRowView.swift */,
			);
			path = Component;
			sourceTree = "<group>";
		};
		7E31776F2AE7A9E100037470 /* Utinity */ = {
			isa = PBXGroup;
			children = (
				7E3177722AE7AA2F00037470 /* ColorExtention.swift */,
				7E3177762AE7C04100037470 /* GradientButtonStyle.swift */,
			);
			path = Utinity;
			sourceTree = "<group>";
		};
		7E31777C2AE80DE000037470 /* Screen */ = {
			isa = PBXGroup;
			children = (
				7E31775E2AE7A39D00037470 /* ContentView.swift */,
				7E31777D2AE80DFA00037470 /* SettingView.swift */,
			);
			path = Screen;
			sourceTree = "<group>";
		};
/* End PBXGroup section */

/* Begin PBXNativeTarget section */
		7E3177582AE7A39D00037470 /* Hike */ = {
			isa = PBXNativeTarget;
			buildConfigurationList = 7E3177672AE7A39E00037470 /* Build configuration list for PBXNativeTarget "Hike" */;
			buildPhases = (
				7E3177552AE7A39D00037470 /* Sources */,
				7E3177562AE7A39D00037470 /* Frameworks */,
				7E3177572AE7A39D00037470 /* Resources */,
			);
			buildRules = (
			);
			dependencies = (
			);
			name = Hike;
			productName = Hike;
			productReference = 7E3177592AE7A39D00037470 /* Hike.app */;
			productType = "com.apple.product-type.application";
		};
/* End PBXNativeTarget section */

/* Begin PBXProject section */
		7E3177512AE7A39D00037470 /* Project object */ = {
			isa = PBXProject;
			attributes = {
				BuildIndependentTargetsInParallel = 1;
				LastSwiftUpdateCheck = 1430;
				LastUpgradeCheck = 1430;
				TargetAttributes = {
					7E3177582AE7A39D00037470 = {
						CreatedOnToolsVersion = 14.3.1;
					};
				};
			};
			buildConfigurationList = 7E3177542AE7A39D00037470 /* Build configuration list for PBXProject "Hike" */;
			compatibilityVersion = "Xcode 14.0";
			developmentRegion = en;
			hasScannedForEncodings = 0;
			knownRegions = (
				en,
				Base,
			);
			mainGroup = 7E3177502AE7A39D00037470;
			productRefGroup = 7E31775A2AE7A39D00037470 /* Products */;
			projectDirPath = "";
			projectRoot = "";
			targets = (
				7E3177582AE7A39D00037470 /* Hike */,
			);
		};
/* End PBXProject section */

/* Begin PBXResourcesBuildPhase section */
		7E3177572AE7A39D00037470 /* Resources */ = {
			isa = PBXResourcesBuildPhase;
			buildActionMask = 2147483647;
			files = (
				7E3177642AE7A39E00037470 /* Preview Assets.xcassets in Resources */,
				7E3177612AE7A39E00037470 /* Assets.xcassets in Resources */,
			);
			runOnlyForDeploymentPostprocessing = 0;
		};
/* End PBXResourcesBuildPhase section */

/* Begin PBXSourcesBuildPhase section */
		7E3177552AE7A39D00037470 /* Sources */ = {
			isa = PBXSourcesBuildPhase;
			buildActionMask = 2147483647;
			files = (
				7E31775F2AE7A39D00037470 /* ContentView.swift in Sources */,
				7E31777E2AE80DFA00037470 /* SettingView.swift in Sources */,
				7E3177802AE816D100037470 /* CustomListRowView.swift in Sources */,
				7E3177792AE7CA3500037470 /* CustomCircleView.swift in Sources */,
				7E31776B2AE7A5CA00037470 /* CardView.swift in Sources */,
				7E3177732AE7AA2F00037470 /* ColorExtention.swift in Sources */,
				7E3177752AE7B32D00037470 /* CustomButtonView.swift in Sources */,
				7E3177772AE7C04100037470 /* GradientButtonStyle.swift in Sources */,
				7E31777B2AE7CC1100037470 /* MotionAnimationView.swift in Sources */,
				7E31775D2AE7A39D00037470 /* HikeApp.swift in Sources */,
				7E31776E2AE7A81A00037470 /* CustomBackgroundView.swift in Sources */,
			);
			runOnlyForDeploymentPostprocessing = 0;
		};
/* End PBXSourcesBuildPhase section */

/* Begin XCBuildConfiguration section */
		7E3177652AE7A39E00037470 /* Debug */ = {
			isa = XCBuildConfiguration;
			buildSettings = {
				ALWAYS_SEARCH_USER_PATHS = NO;
				CLANG_ANALYZER_NONNULL = YES;
				CLANG_ANALYZER_NUMBER_OBJECT_CONVERSION = YES_AGGRESSIVE;
				CLANG_CXX_LANGUAGE_STANDARD = "gnu++20";
				CLANG_ENABLE_MODULES = YES;
				CLANG_ENABLE_OBJC_ARC = YES;
				CLANG_ENABLE_OBJC_WEAK = YES;
				CLANG_WARN_BLOCK_CAPTURE_AUTORELEASING = YES;
				CLANG_WARN_BOOL_CONVERSION = YES;
				CLANG_WARN_COMMA = YES;
				CLANG_WARN_CONSTANT_CONVERSION = YES;
				CLANG_WARN_DEPRECATED_OBJC_IMPLEMENTATIONS = YES;
				CLANG_WARN_DIRECT_OBJC_ISA_USAGE = YES_ERROR;
				CLANG_WARN_DOCUMENTATION_COMMENTS = YES;
				CLANG_WARN_EMPTY_BODY = YES;
				CLANG_WARN_ENUM_CONVERSION = YES;
				CLANG_WARN_INFINITE_RECURSION = YES;
				CLANG_WARN_INT_CONVERSION = YES;
				CLANG_WARN_NON_LITERAL_NULL_CONVERSION = YES;
				CLANG_WARN_OBJC_IMPLICIT_RETAIN_SELF = YES;
				CLANG_WARN_OBJC_LITERAL_CONVERSION = YES;
				CLANG_WARN_OBJC_ROOT_CLASS = YES_ERROR;
				CLANG_WARN_QUOTED_INCLUDE_IN_FRAMEWORK_HEADER = YES;
				CLANG_WARN_RANGE_LOOP_ANALYSIS = YES;
				CLANG_WARN_STRICT_PROTOTYPES = YES;
				CLANG_WARN_SUSPICIOUS_MOVE = YES;
				CLANG_WARN_UNGUARDED_AVAILABILITY = YES_AGGRESSIVE;
				CLANG_WARN_UNREACHABLE_CODE = YES;
				CLANG_WARN__DUPLICATE_METHOD_MATCH = YES;
				COPY_PHASE_STRIP = NO;
				DEBUG_INFORMATION_FORMAT = dwarf;
				ENABLE_STRICT_OBJC_MSGSEND = YES;
				ENABLE_TESTABILITY = YES;
				GCC_C_LANGUAGE_STANDARD = gnu11;
				GCC_DYNAMIC_NO_PIC = NO;
				GCC_NO_COMMON_BLOCKS = YES;
				GCC_OPTIMIZATION_LEVEL = 0;
				GCC_PREPROCESSOR_DEFINITIONS = (
					"DEBUG=1",
					"$(inherited)",
				);
				GCC_WARN_64_TO_32_BIT_CONVERSION = YES;
				GCC_WARN_ABOUT_RETURN_TYPE = YES_ERROR;
				GCC_WARN_UNDECLARED_SELECTOR = YES;
				GCC_WARN_UNINITIALIZED_AUTOS = YES_AGGRESSIVE;
				GCC_WARN_UNUSED_FUNCTION = YES;
				GCC_WARN_UNUSED_VARIABLE = YES;
				IPHONEOS_DEPLOYMENT_TARGET = 16.4;
				MTL_ENABLE_DEBUG_INFO = INCLUDE_SOURCE;
				MTL_FAST_MATH = YES;
				ONLY_ACTIVE_ARCH = YES;
				SDKROOT = iphoneos;
				SWIFT_ACTIVE_COMPILATION_CONDITIONS = DEBUG;
				SWIFT_OPTIMIZATION_LEVEL = "-Onone";
			};
			name = Debug;
		};
		7E3177662AE7A39E00037470 /* Release */ = {
			isa = XCBuildConfiguration;
			buildSettings = {
				ALWAYS_SEARCH_USER_PATHS = NO;
				CLANG_ANALYZER_NONNULL = YES;
				CLANG_ANALYZER_NUMBER_OBJECT_CONVERSION = YES_AGGRESSIVE;
				CLANG_CXX_LANGUAGE_STANDARD = "gnu++20";
				CLANG_ENABLE_MODULES = YES;
				CLANG_ENABLE_OBJC_ARC = YES;
				CLANG_ENABLE_OBJC_WEAK = YES;
				CLANG_WARN_BLOCK_CAPTURE_AUTORELEASING = YES;
				CLANG_WARN_BOOL_CONVERSION = YES;
				CLANG_WARN_COMMA = YES;
				CLANG_WARN_CONSTANT_CONVERSION = YES;
				CLANG_WARN_DEPRECATED_OBJC_IMPLEMENTATIONS = YES;
				CLANG_WARN_DIRECT_OBJC_ISA_USAGE = YES_ERROR;
				CLANG_WARN_DOCUMENTATION_COMMENTS = YES;
				CLANG_WARN_EMPTY_BODY = YES;
				CLANG_WARN_ENUM_CONVERSION = YES;
				CLANG_WARN_INFINITE_RECURSION = YES;
				CLANG_WARN_INT_CONVERSION = YES;
				CLANG_WARN_NON_LITERAL_NULL_CONVERSION = YES;
				CLANG_WARN_OBJC_IMPLICIT_RETAIN_SELF = YES;
				CLANG_WARN_OBJC_LITERAL_CONVERSION = YES;
				CLANG_WARN_OBJC_ROOT_CLASS = YES_ERROR;
				CLANG_WARN_QUOTED_INCLUDE_IN_FRAMEWORK_HEADER = YES;
				CLANG_WARN_RANGE_LOOP_ANALYSIS = YES;
				CLANG_WARN_STRICT_PROTOTYPES = YES;
				CLANG_WARN_SUSPICIOUS_MOVE = YES;
				CLANG_WARN_UNGUARDED_AVAILABILITY = YES_AGGRESSIVE;
				CLANG_WARN_UNREACHABLE_CODE = YES;
				CLANG_WARN__DUPLICATE_METHOD_MATCH = YES;
				COPY_PHASE_STRIP = NO;
				DEBUG_INFORMATION_FORMAT = "dwarf-with-dsym";
				ENABLE_NS_ASSERTIONS = NO;
				ENABLE_STRICT_OBJC_MSGSEND = YES;
				GCC_C_LANGUAGE_STANDARD = gnu11;
				GCC_NO_COMMON_BLOCKS = YES;
				GCC_WARN_64_TO_32_BIT_CONVERSION = YES;
				GCC_WARN_ABOUT_RETURN_TYPE = YES_ERROR;
				GCC_WARN_UNDECLARED_SELECTOR = YES;
				GCC_WARN_UNINITIALIZED_AUTOS = YES_AGGRESSIVE;
				GCC_WARN_UNUSED_FUNCTION = YES;
				GCC_WARN_UNUSED_VARIABLE = YES;
				IPHONEOS_DEPLOYMENT_TARGET = 16.4;
				MTL_ENABLE_DEBUG_INFO = NO;
				MTL_FAST_MATH = YES;
				SDKROOT = iphoneos;
				SWIFT_COMPILATION_MODE = wholemodule;
				SWIFT_OPTIMIZATION_LEVEL = "-O";
				VALIDATE_PRODUCT = YES;
			};
			name = Release;
		};
		7E3177682AE7A39E00037470 /* Debug */ = {
			isa = XCBuildConfiguration;
			buildSettings = {
				ASSETCATALOG_COMPILER_ALTERNATE_APPICON_NAMES = "";
				ASSETCATALOG_COMPILER_APPICON_NAME = AppIcon;
				ASSETCATALOG_COMPILER_GLOBAL_ACCENT_COLOR_NAME = AccentColor;
				ASSETCATALOG_COMPILER_INCLUDE_ALL_APPICON_ASSETS = YES;
				CODE_SIGN_STYLE = Automatic;
				CURRENT_PROJECT_VERSION = 1;
				DEVELOPMENT_ASSET_PATHS = "\"Hike/Preview Content\"";
				DEVELOPMENT_TEAM = QPLP9N9P96;
				ENABLE_PREVIEWS = YES;
				GENERATE_INFOPLIST_FILE = YES;
				INFOPLIST_KEY_UIApplicationSceneManifest_Generation = YES;
				INFOPLIST_KEY_UIApplicationSupportsIndirectInputEvents = YES;
				INFOPLIST_KEY_UILaunchScreen_Generation = YES;
				INFOPLIST_KEY_UISupportedInterfaceOrientations_iPad = "UIInterfaceOrientationPortrait UIInterfaceOrientationPortraitUpsideDown UIInterfaceOrientationLandscapeLeft UIInterfaceOrientationLandscapeRight";
				INFOPLIST_KEY_UISupportedInterfaceOrientations_iPhone = "UIInterfaceOrientationPortrait UIInterfaceOrientationLandscapeLeft UIInterfaceOrientationLandscapeRight";
				LD_RUNPATH_SEARCH_PATHS = (
					"$(inherited)",
					"@executable_path/Frameworks",
				);
				MARKETING_VERSION = 1.0;
				PRODUCT_BUNDLE_IDENTIFIER = com.viet.tung.Hike;
				PRODUCT_NAME = "$(TARGET_NAME)";
				SWIFT_EMIT_LOC_STRINGS = YES;
				SWIFT_VERSION = 5.0;
				TARGETED_DEVICE_FAMILY = "1,2";
			};
			name = Debug;
		};
		7E3177692AE7A39E00037470 /* Release */ = {
			isa = XCBuildConfiguration;
			buildSettings = {
				ASSETCATALOG_COMPILER_ALTERNATE_APPICON_NAMES = "";
				ASSETCATALOG_COMPILER_APPICON_NAME = AppIcon;
				ASSETCATALOG_COMPILER_GLOBAL_ACCENT_COLOR_NAME = AccentColor;
				ASSETCATALOG_COMPILER_INCLUDE_ALL_APPICON_ASSETS = YES;
				CODE_SIGN_STYLE = Automatic;
				CURRENT_PROJECT_VERSION = 1;
				DEVELOPMENT_ASSET_PATHS = "\"Hike/Preview Content\"";
				DEVELOPMENT_TEAM = QPLP9N9P96;
				ENABLE_PREVIEWS = YES;
				GENERATE_INFOPLIST_FILE = YES;
				INFOPLIST_KEY_UIApplicationSceneManifest_Generation = YES;
				INFOPLIST_KEY_UIApplicationSupportsIndirectInputEvents = YES;
				INFOPLIST_KEY_UILaunchScreen_Generation = YES;
				INFOPLIST_KEY_UISupportedInterfaceOrientations_iPad = "UIInterfaceOrientationPortrait UIInterfaceOrientationPortraitUpsideDown UIInterfaceOrientationLandscapeLeft UIInterfaceOrientationLandscapeRight";
				INFOPLIST_KEY_UISupportedInterfaceOrientations_iPhone = "UIInterfaceOrientationPortrait UIInterfaceOrientationLandscapeLeft UIInterfaceOrientationLandscapeRight";
				LD_RUNPATH_SEARCH_PATHS = (
					"$(inherited)",
					"@executable_path/Frameworks",
				);
				MARKETING_VERSION = 1.0;
				PRODUCT_BUNDLE_IDENTIFIER = com.viet.tung.Hike;
				PRODUCT_NAME = "$(TARGET_NAME)";
				SWIFT_EMIT_LOC_STRINGS = YES;
				SWIFT_VERSION = 5.0;
				TARGETED_DEVICE_FAMILY = "1,2";
			};
			name = Release;
		};
/* End XCBuildConfiguration section */

/* Begin XCConfigurationList section */
		7E3177542AE7A39D00037470 /* Build configuration list for PBXProject "Hike" */ = {
			isa = XCConfigurationList;
			buildConfigurations = (
				7E3177652AE7A39E00037470 /* Debug */,
				7E3177662AE7A39E00037470 /* Release */,
			);
			defaultConfigurationIsVisible = 0;
			defaultConfigurationName = Release;
		};
		7E3177672AE7A39E00037470 /* Build configuration list for PBXNativeTarget "Hike" */ = {
			isa = XCConfigurationList;
			buildConfigurations = (
				7E3177682AE7A39E00037470 /* Debug */,
				7E3177692AE7A39E00037470 /* Release */,
			);
			defaultConfigurationIsVisible = 0;
			defaultConfigurationName = Release;
		};
/* End XCConfigurationList section */
	};
	rootObject = 7E3177512AE7A39D00037470 /* Project object */;
}
